{
  "name": "netdoc",
  "version": "1.0.0",
  "lockfileVersion": 3,
  "requires": true,
  "packages": {
    "": {
      "name": "netdoc",
      "version": "1.0.0",
      "dependencies": {
        "@eliware/snowflake": "^2.0.0"
      }
    },
    "node_modules/@eliware/snowflake": {
      "version": "2.0.0",
      "resolved": "https://registry.npmjs.org/@eliware/snowflake/-/snowflake-2.0.0.tgz",
      "integrity": "sha512-ikNfqq8CrnCgJI5skhuGHWTN3VjAVdsST9/rZHx4HkwsLpQii/y2iMOP3YNum1VByLo1+X0ds0BKjX2n2wyLwQ==",
      "license": "MIT",
      "engines": {
        "node": ">=26"
      }
    }
  }
}
